hash: 2be7a14ae906235bb6bfeb9f73b1445c547f26eb42c11717bac4307aeb4c2b92
updated: 2017-12-27T15:32:15.509558784+08:00
imports:
- name: github.com/alecthomas/template
  version: a0175ee3bccc567396460bf5acd36800cb10c49c
  subpackages:
  - parse
- name: github.com/alecthomas/units
  version: 2efee857e7cfd4f3d0138cc3cbb1b4966962b93a
- name: github.com/BurntSushi/toml
  version: b26d9c308763d68093482582cea63d69be07a0f0
- name: github.com/colinmarc/hdfs
  version: 69e5098fa51e208a466aef9a5283b0101e6e4f54
  subpackages:
  - protocol/hadoop_common
  - protocol/hadoop_hdfs
  - rpc
- name: github.com/golang/protobuf
  version: 1e59b77b52bf8e4b449a57e6f79f21226d571845
  subpackages:
  - proto
- name: github.com/sirupsen/logrus
  version: d682213848ed68c0a260ca37d6dd5ace8423f5ba
- name: gopkg.in/alecthomas/kingpin.v2
  version: 947dcec5ba9c011838740e680966fd7087a71d0d
testImports: []
