hash: 60b2bdd6f815aeb0f52395eac2bbf8f6ef27e0a8c4a86d50c53e14873da94b42
updated: 2017-12-28T13:24:05.422163441Z
imports:
- name: github.com/alecthomas/template
  version: a0175ee3bccc567396460bf5acd36800cb10c49c
  subpackages:
  - parse
- name: github.com/alecthomas/units
  version: 2efee857e7cfd4f3d0138cc3cbb1b4966962b93a
- name: github.com/BurntSushi/toml
  version: b26d9c308763d68093482582cea63d69be07a0f0
- name: github.com/colinmarc/hdfs
  version: 69e5098fa51e208a466aef9a5283b0101e6e4f54
  subpackages:
  - protocol/hadoop_common
  - protocol/hadoop_hdfs
  - rpc
- name: github.com/evalphobia/logrus_fluent
  version: 76779e73f35d90f5a873e7feaf6691999b2c5db4
- name: github.com/fluent/fluent-logger-golang
  version: 8bbc2356beaf021b04c9bd5cdc76ea5a7ccb40ec
  subpackages:
  - fluent
- name: github.com/golang/protobuf
  version: 1e59b77b52bf8e4b449a57e6f79f21226d571845
  subpackages:
  - proto
- name: github.com/joonix/log
  version: 9f489441df72b5a985b0ee0423850c7999a3a09b
- name: github.com/philhofer/fwd
  version: bb6d471dc95d4fe11e432687f8b70ff496cf3136
- name: github.com/sirupsen/logrus
  version: d682213848ed68c0a260ca37d6dd5ace8423f5ba
- name: github.com/tinylib/msgp
  version: 5bb5e1aed7ba5bcc93307153b020e7ffe79b0509
  subpackages:
  - msgp
- name: golang.org/x/crypto
  version: d585fd2cc9195196078f516b69daff6744ef5e84
  subpackages:
  - ssh/terminal
- name: golang.org/x/sys
  version: 83801418e1b59fb1880e363299581ee543af32ca
  subpackages:
  - unix
  - windows
- name: gopkg.in/alecthomas/kingpin.v2
  version: 1087e65c9441605df944fb12c33f0fe7072d18ca
testImports: []
